
Microsoft Visual Studio Solution File, Format Version 12.00
# Visual Studio Version 17
VisualStudioVersion = 17.9.34701.34
MinimumVisualStudioVersion = 10.0.40219.1
Project("{FAE04EC0-301F-11D3-BF4B-00C04F79EFBC}") = "Tic-Tac-Toe", "Tic-Tac-Toe.csproj", "{A1DAAD58-C92E-481C-8D70-7DE0CCFEFC78}"
EndProject
Global
	GlobalSection(SolutionConfigurationPlatforms) = preSolution
		Debug|Any CPU = Debug|Any CPU
		Release|Any CPU = Release|Any CPU
	EndGlobalSection
	GlobalSection(ProjectConfigurationPlatforms) = postSolution
		{A1DAAD58-C92E-481C-8D70-7DE0CCFEFC78}.Debug|Any CPU.ActiveCfg = Debug|Any CPU
		{A1DAAD58-C92E-481C-8D70-7DE0CCFEFC78}.Debug|Any CPU.Build.0 = Debug|Any CPU
		{A1DAAD58-C92E-481C-8D70-7DE0CCFEFC78}.Release|Any CPU.ActiveCfg = Release|Any CPU
		{A1DAAD58-C92E-481C-8D70-7DE0CCFEFC78}.Release|Any CPU.Build.0 = Release|Any CPU
	EndGlobalSection
	GlobalSection(SolutionProperties) = preSolution
		HideSolutionNode = FALSE
	EndGlobalSection
	GlobalSection(ExtensibilityGlobals) = postSolution
		SolutionGuid = {2B2E133E-48AE-4F38-9A6C-0B6E3B7FB90A}
	EndGlobalSection
EndGlobal
